
Microsoft Visual Studio Solution File, Format Version 12.00
# Visual Studio Version 16
VisualStudioVersion = 16.0.29920.165
MinimumVisualStudioVersion = 10.0.40219.1
Project("{FAE04EC0-301F-11D3-BF4B-00C04F79EFBC}") = "Tomoiaga_Andrei-Bogdan_Lab5", "Tomoiaga_Andrei-Bogdan_Lab5.csproj", "{D2A08080-0F19-404F-AB8E-D5808CF62002}"
EndProject
Global
	GlobalSection(SolutionConfigurationPlatforms) = preSolution
		Debug|Any CPU = Debug|Any CPU
		Release|Any CPU = Release|Any CPU
	EndGlobalSection
	GlobalSection(ProjectConfigurationPlatforms) = postSolution
		{D2A08080-0F19-404F-AB8E-D5808CF62002}.Debug|Any CPU.ActiveCfg = Debug|Any CPU
		{D2A08080-0F19-404F-AB8E-D5808CF62002}.Debug|Any CPU.Build.0 = Debug|Any CPU
		{D2A08080-0F19-404F-AB8E-D5808CF62002}.Release|Any CPU.ActiveCfg = Release|Any CPU
		{D2A08080-0F19-404F-AB8E-D5808CF62002}.Release|Any CPU.Build.0 = Release|Any CPU
	EndGlobalSection
	GlobalSection(SolutionProperties) = preSolution
		HideSolutionNode = FALSE
	EndGlobalSection
	GlobalSection(ExtensibilityGlobals) = postSolution
		SolutionGuid = {3A402827-B450-44C3-9F42-3944AE64FA53}
	EndGlobalSection
EndGlobal
